{
  "name": "katsuji",
  "version": "0.1.0",
  "lockfileVersion": 3,
  "requires": true,
  "packages": {
    "": {
      "name": "katsuji",
      "version": "0.1.0",
      "devDependencies": {
        "@chenglou/pretext": "^0.0.7"
      }
    },
    "node_modules/@chenglou/pretext": {
      "version": "0.0.7",
      "resolved": "https://registry.npmjs.org/@chenglou/pretext/-/pretext-0.0.7.tgz",
      "integrity": "sha512-FV5hj3fGqpBlzbANUbR+s+6XuNRrghVVyuNs33zdH2SzU7MvK+7GlW6xREjDCreixKbexEn7OEkDgAFeWuu5Hg==",
      "dev": true,
      "license": "MIT"
    }
  }
}
